// !$*UTF8*$!
{
	archiveVersion = 1;
	classes = {
	};
	objectVersion = 56;
	objects = {

/* Begin PBXBuildFile section */
		1700C3132AF983BE00B8E8DE /* DiaryViewModel.swift in Sources */ = {isa = PBXBuildFile; fileRef = 1700C3122AF983BE00B8E8DE /* DiaryViewModel.swift */; };
		1700C3162AF991A700B8E8DE /* Array+Extension.swift in Sources */ = {isa = PBXBuildFile; fileRef = 1700C3152AF991A700B8E8DE /* Array+Extension.swift */; };
		1700C31A2AF99D8900B8E8DE /* DiaryEntry+Extension.swift in Sources */ = {isa = PBXBuildFile; fileRef = 1700C3192AF99D8800B8E8DE /* DiaryEntry+Extension.swift */; };
		1700C3202AF9E84200B8E8DE /* HomeViewModel.swift in Sources */ = {isa = PBXBuildFile; fileRef = 1700C31F2AF9E84200B8E8DE /* HomeViewModel.swift */; };
		17192F502AD4A9A7008609F4 /* CSVHeaders.swift in Sources */ = {isa = PBXBuildFile; fileRef = 17192F4F2AD4A9A7008609F4 /* CSVHeaders.swift */; };
		17192F572AD4DDFB008609F4 /* UserDefaultsManager.swift in Sources */ = {isa = PBXBuildFile; fileRef = 17192F562AD4DDFA008609F4 /* UserDefaultsManager.swift */; };
		17192F592AD4DFCB008609F4 /* CSVFile.swift in Sources */ = {isa = PBXBuildFile; fileRef = 17192F582AD4DFCB008609F4 /* CSVFile.swift */; };
		1730D5222A9D3DAE0097B497 /* HealthierMe.swift in Sources */ = {isa = PBXBuildFile; fileRef = 1730D5212A9D3DAE0097B497 /* HealthierMe.swift */; };
		1730D5242A9D3DAE0097B497 /* HomeView.swift in Sources */ = {isa = PBXBuildFile; fileRef = 1730D5232A9D3DAE0097B497 /* HomeView.swift */; };
		1730D5262A9D3DB00097B497 /* Assets.xcassets in Resources */ = {isa = PBXBuildFile; fileRef = 1730D5252A9D3DB00097B497 /* Assets.xcassets */; };
		1730D5292A9D3DB00097B497 /* Preview Assets.xcassets in Resources */ = {isa = PBXBuildFile; fileRef = 1730D5282A9D3DB00097B497 /* Preview Assets.xcassets */; };
		1730D5312A9D3E500097B497 /* HealthKitManager.swift in Sources */ = {isa = PBXBuildFile; fileRef = 1730D5302A9D3E500097B497 /* HealthKitManager.swift */; };
		174EA9B82B22551300FEC4C8 /* CalendarView.swift in Sources */ = {isa = PBXBuildFile; fileRef = 174EA9B72B22551300FEC4C8 /* CalendarView.swift */; };
		1764398D2B2B969F00320611 /* unused.rb in Resources */ = {isa = PBXBuildFile; fileRef = 1764398C2B2B969F00320611 /* unused.rb */; };
		1773E5992AA55C4400F4FED7 /* RootView.swift in Sources */ = {isa = PBXBuildFile; fileRef = 1773E5982AA55C4400F4FED7 /* RootView.swift */; };
		1779617B2AA7131D00F82A2D /* Date+Extension.swift in Sources */ = {isa = PBXBuildFile; fileRef = 1779617A2AA7131C00F82A2D /* Date+Extension.swift */; };
		17A41E392AF9440100856361 /* CoreDataManager.swift in Sources */ = {isa = PBXBuildFile; fileRef = 17A41E382AF9440100856361 /* CoreDataManager.swift */; };
		17AFE84B2AF19AC5004FA720 /* UserDetailView.swift in Sources */ = {isa = PBXBuildFile; fileRef = 17AFE84A2AF19AC5004FA720 /* UserDetailView.swift */; };
		17AFE84D2AF1A7BB004FA720 /* DiaryView.swift in Sources */ = {isa = PBXBuildFile; fileRef = 17AFE84C2AF1A7BB004FA720 /* DiaryView.swift */; };
		17C78D3B2B1E4AF500D6FF69 /* AddFavoriteItemView.swift in Sources */ = {isa = PBXBuildFile; fileRef = 17C78D3A2B1E4AF500D6FF69 /* AddFavoriteItemView.swift */; };
		17C78D3D2B1E4B2000D6FF69 /* FavoritesViewModel.swift in Sources */ = {isa = PBXBuildFile; fileRef = 17C78D3C2B1E4B2000D6FF69 /* FavoritesViewModel.swift */; };
		17C78D3F2B1E4BB200D6FF69 /* SelectedImagesView.swift in Sources */ = {isa = PBXBuildFile; fileRef = 17C78D3E2B1E4BB200D6FF69 /* SelectedImagesView.swift */; };
		17C78D452B1E7ED200D6FF69 /* AllFavoritesView.swift in Sources */ = {isa = PBXBuildFile; fileRef = 17C78D442B1E7ED200D6FF69 /* AllFavoritesView.swift */; };
		17C78D522B1E854000D6FF69 /* DataModel.xcdatamodeld in Sources */ = {isa = PBXBuildFile; fileRef = 17C78D502B1E854000D6FF69 /* DataModel.xcdatamodeld */; };
		17E6986C2B2A504200A4B546 /* EventRow.swift in Sources */ = {isa = PBXBuildFile; fileRef = 17E6986B2B2A504200A4B546 /* EventRow.swift */; };
		17E6986F2B2A59A700A4B546 /* CalendarViewRepresentable.swift in Sources */ = {isa = PBXBuildFile; fileRef = 17E6986E2B2A59A700A4B546 /* CalendarViewRepresentable.swift */; };
		17E8EEC42B26642B000229A3 /* FSCalendar in Frameworks */ = {isa = PBXBuildFile; productRef = 17E8EEC32B26642B000229A3 /* FSCalendar */; };
		17F0B8E42AD3603B009DAF27 /* AccelerometerManager.swift in Sources */ = {isa = PBXBuildFile; fileRef = 17F0B8E32AD3603B009DAF27 /* AccelerometerManager.swift */; };
		17F0B8E62AD362C4009DAF27 /* FileNames.swift in Sources */ = {isa = PBXBuildFile; fileRef = 17F0B8E52AD362C4009DAF27 /* FileNames.swift */; };
/* End PBXBuildFile section */

/* Begin PBXFileReference section */
		1700C3122AF983BE00B8E8DE /* DiaryViewModel.swift */ = {isa = PBXFileReference; lastKnownFileType = sourcecode.swift; path = DiaryViewModel.swift; sourceTree = "<group>"; };
		1700C3152AF991A700B8E8DE /* Array+Extension.swift */ = {isa = PBXFileReference; lastKnownFileType = sourcecode.swift; path = "Array+Extension.swift"; sourceTree = "<group>"; };
		1700C3192AF99D8800B8E8DE /* DiaryEntry+Extension.swift */ = {isa = PBXFileReference; lastKnownFileType = sourcecode.swift; path = "DiaryEntry+Extension.swift"; sourceTree = "<group>"; };
		1700C31F2AF9E84200B8E8DE /* HomeViewModel.swift */ = {isa = PBXFileReference; lastKnownFileType = sourcecode.swift; path = HomeViewModel.swift; sourceTree = "<group>"; };
		17192F4F2AD4A9A7008609F4 /* CSVHeaders.swift */ = {isa = PBXFileReference; lastKnownFileType = sourcecode.swift; path = CSVHeaders.swift; sourceTree = "<group>"; };
		17192F512AD4B370008609F4 /* HealthKit-POC-Info.plist */ = {isa = PBXFileReference; lastKnownFileType = text.plist; path = "HealthKit-POC-Info.plist"; sourceTree = SOURCE_ROOT; };
		17192F562AD4DDFA008609F4 /* UserDefaultsManager.swift */ = {isa = PBXFileReference; lastKnownFileType = sourcecode.swift; path = UserDefaultsManager.swift; sourceTree = "<group>"; };
		17192F582AD4DFCB008609F4 /* CSVFile.swift */ = {isa = PBXFileReference; lastKnownFileType = sourcecode.swift; path = CSVFile.swift; sourceTree = "<group>"; };
		1730D51E2A9D3DAE0097B497 /* HealthKit_POC.app */ = {isa = PBXFileReference; explicitFileType = wrapper.application; includeInIndex = 0; path = HealthKit_POC.app; sourceTree = BUILT_PRODUCTS_DIR; };
		1730D5212A9D3DAE0097B497 /* HealthierMe.swift */ = {isa = PBXFileReference; lastKnownFileType = sourcecode.swift; path = HealthierMe.swift; sourceTree = "<group>"; };
		1730D5232A9D3DAE0097B497 /* HomeView.swift */ = {isa = PBXFileReference; lastKnownFileType = sourcecode.swift; path = HomeView.swift; sourceTree = "<group>"; };
		1730D5252A9D3DB00097B497 /* Assets.xcassets */ = {isa = PBXFileReference; lastKnownFileType = folder.assetcatalog; path = Assets.xcassets; sourceTree = "<group>"; };
		1730D5282A9D3DB00097B497 /* Preview Assets.xcassets */ = {isa = PBXFileReference; lastKnownFileType = folder.assetcatalog; path = "Preview Assets.xcassets"; sourceTree = "<group>"; };
		1730D52F2A9D3DEA0097B497 /* HealthKit_POC.entitlements */ = {isa = PBXFileReference; lastKnownFileType = text.plist.entitlements; path = HealthKit_POC.entitlements; sourceTree = "<group>"; };
		1730D5302A9D3E500097B497 /* HealthKitManager.swift */ = {isa = PBXFileReference; lastKnownFileType = sourcecode.swift; path = HealthKitManager.swift; sourceTree = "<group>"; };
		174EA9B72B22551300FEC4C8 /* CalendarView.swift */ = {isa = PBXFileReference; lastKnownFileType = sourcecode.swift; path = CalendarView.swift; sourceTree = "<group>"; };
		1764398C2B2B969F00320611 /* unused.rb */ = {isa = PBXFileReference; fileEncoding = 4; lastKnownFileType = text.script.ruby; path = unused.rb; sourceTree = "<group>"; };
		1773E5982AA55C4400F4FED7 /* RootView.swift */ = {isa = PBXFileReference; lastKnownFileType = sourcecode.swift; path = RootView.swift; sourceTree = "<group>"; };
		1779617A2AA7131C00F82A2D /* Date+Extension.swift */ = {isa = PBXFileReference; lastKnownFileType = sourcecode.swift; path = "Date+Extension.swift"; sourceTree = "<group>"; };
		17A41E382AF9440100856361 /* CoreDataManager.swift */ = {isa = PBXFileReference; lastKnownFileType = sourcecode.swift; path = CoreDataManager.swift; sourceTree = "<group>"; };
		17AFE84A2AF19AC5004FA720 /* UserDetailView.swift */ = {isa = PBXFileReference; lastKnownFileType = sourcecode.swift; path = UserDetailView.swift; sourceTree = "<group>"; };
		17AFE84C2AF1A7BB004FA720 /* DiaryView.swift */ = {isa = PBXFileReference; lastKnownFileType = sourcecode.swift; path = DiaryView.swift; sourceTree = "<group>"; };
		17C78D3A2B1E4AF500D6FF69 /* AddFavoriteItemView.swift */ = {isa = PBXFileReference; lastKnownFileType = sourcecode.swift; path = AddFavoriteItemView.swift; sourceTree = "<group>"; };
		17C78D3C2B1E4B2000D6FF69 /* FavoritesViewModel.swift */ = {isa = PBXFileReference; lastKnownFileType = sourcecode.swift; path = FavoritesViewModel.swift; sourceTree = "<group>"; };
		17C78D3E2B1E4BB200D6FF69 /* SelectedImagesView.swift */ = {isa = PBXFileReference; lastKnownFileType = sourcecode.swift; path = SelectedImagesView.swift; sourceTree = "<group>"; };
		17C78D442B1E7ED200D6FF69 /* AllFavoritesView.swift */ = {isa = PBXFileReference; lastKnownFileType = sourcecode.swift; path = AllFavoritesView.swift; sourceTree = "<group>"; };
		17C78D512B1E854000D6FF69 /* DataModel.xcdatamodel */ = {isa = PBXFileReference; lastKnownFileType = wrapper.xcdatamodel; path = DataModel.xcdatamodel; sourceTree = "<group>"; };
		17E6986B2B2A504200A4B546 /* EventRow.swift */ = {isa = PBXFileReference; lastKnownFileType = sourcecode.swift; path = EventRow.swift; sourceTree = "<group>"; };
		17E6986E2B2A59A700A4B546 /* CalendarViewRepresentable.swift */ = {isa = PBXFileReference; lastKnownFileType = sourcecode.swift; path = CalendarViewRepresentable.swift; sourceTree = "<group>"; };
		17F0B8E32AD3603B009DAF27 /* AccelerometerManager.swift */ = {isa = PBXFileReference; lastKnownFileType = sourcecode.swift; path = AccelerometerManager.swift; sourceTree = "<group>"; };
		17F0B8E52AD362C4009DAF27 /* FileNames.swift */ = {isa = PBXFileReference; lastKnownFileType = sourcecode.swift; path = FileNames.swift; sourceTree = "<group>"; };
/* End PBXFileReference section */

/* Begin PBXFrameworksBuildPhase section */
		1730D51B2A9D3DAE0097B497 /* Frameworks */ = {
			isa = PBXFrameworksBuildPhase;
			buildActionMask = 2147483647;
			files = (
				17E8EEC42B26642B000229A3 /* FSCalendar in Frameworks */,
			);
			runOnlyForDeploymentPostprocessing = 0;
		};
/* End PBXFrameworksBuildPhase section */

/* Begin PBXGroup section */
		1700C3142AF983F400B8E8DE /* View Models */ = {
			isa = PBXGroup;
			children = (
				1700C3122AF983BE00B8E8DE /* DiaryViewModel.swift */,
				1700C31F2AF9E84200B8E8DE /* HomeViewModel.swift */,
				17C78D3C2B1E4B2000D6FF69 /* FavoritesViewModel.swift */,
			);
			path = "View Models";
			sourceTree = "<group>";
		};
		1730D5152A9D3DAE0097B497 = {
			isa = PBXGroup;
			children = (
				1764398C2B2B969F00320611 /* unused.rb */,
				1730D5202A9D3DAE0097B497 /* HealthKit_POC */,
				1730D51F2A9D3DAE0097B497 /* Products */,
			);
			sourceTree = "<group>";
		};
		1730D51F2A9D3DAE0097B497 /* Products */ = {
			isa = PBXGroup;
			children = (
				1730D51E2A9D3DAE0097B497 /* HealthKit_POC.app */,
			);
			name = Products;
			sourceTree = "<group>";
		};
		1730D5202A9D3DAE0097B497 /* HealthKit_POC */ = {
			isa = PBXGroup;
			children = (
				17192F512AD4B370008609F4 /* HealthKit-POC-Info.plist */,
				1730D52F2A9D3DEA0097B497 /* HealthKit_POC.entitlements */,
				1730D5212A9D3DAE0097B497 /* HealthierMe.swift */,
				17192F582AD4DFCB008609F4 /* CSVFile.swift */,
				1700C3142AF983F400B8E8DE /* View Models */,
				17F0B8E72AD362C8009DAF27 /* Constants */,
				1779617C2AA7136200F82A2D /* Extensions */,
				1773E5972AA55C2B00F4FED7 /* Views */,
				1730D5252A9D3DB00097B497 /* Assets.xcassets */,
				17C78D502B1E854000D6FF69 /* DataModel.xcdatamodeld */,
				1730D5272A9D3DB00097B497 /* Preview Content */,
				17F0B8E22AD35F45009DAF27 /* Managers */,
			);
			path = HealthKit_POC;
			sourceTree = "<group>";
		};
		1730D5272A9D3DB00097B497 /* Preview Content */ = {
			isa = PBXGroup;
			children = (
				1730D5282A9D3DB00097B497 /* Preview Assets.xcassets */,
			);
			path = "Preview Content";
			sourceTree = "<group>";
		};
		1773E5972AA55C2B00F4FED7 /* Views */ = {
			isa = PBXGroup;
			children = (
				1730D5232A9D3DAE0097B497 /* HomeView.swift */,
				1773E5982AA55C4400F4FED7 /* RootView.swift */,
				17AFE84A2AF19AC5004FA720 /* UserDetailView.swift */,
				17C78D412B1E4BFC00D6FF69 /* Diary */,
				17C78D422B1E4C0600D6FF69 /* Favorites */,
				17C78D402B1E4BBA00D6FF69 /* Common */,
				17E6986D2B2A598D00A4B546 /* Calendar */,
			);
			path = Views;
			sourceTree = "<group>";
		};
		1779617C2AA7136200F82A2D /* Extensions */ = {
			isa = PBXGroup;
			children = (
				1779617A2AA7131C00F82A2D /* Date+Extension.swift */,
				1700C3152AF991A700B8E8DE /* Array+Extension.swift */,
				1700C3192AF99D8800B8E8DE /* DiaryEntry+Extension.swift */,
			);
			path = Extensions;
			sourceTree = "<group>";
		};
		17C78D402B1E4BBA00D6FF69 /* Common */ = {
			isa = PBXGroup;
			children = (
				17C78D3E2B1E4BB200D6FF69 /* SelectedImagesView.swift */,
			);
			path = Common;
			sourceTree = "<group>";
		};
		17C78D412B1E4BFC00D6FF69 /* Diary */ = {
			isa = PBXGroup;
			children = (
				17AFE84C2AF1A7BB004FA720 /* DiaryView.swift */,
			);
			path = Diary;
			sourceTree = "<group>";
		};
		17C78D422B1E4C0600D6FF69 /* Favorites */ = {
			isa = PBXGroup;
			children = (
				17C78D3A2B1E4AF500D6FF69 /* AddFavoriteItemView.swift */,
				17C78D442B1E7ED200D6FF69 /* AllFavoritesView.swift */,
			);
			path = Favorites;
			sourceTree = "<group>";
		};
		17E6986D2B2A598D00A4B546 /* Calendar */ = {
			isa = PBXGroup;
			children = (
				17E6986B2B2A504200A4B546 /* EventRow.swift */,
				174EA9B72B22551300FEC4C8 /* CalendarView.swift */,
				17E6986E2B2A59A700A4B546 /* CalendarViewRepresentable.swift */,
			);
			path = Calendar;
			sourceTree = "<group>";
		};
		17F0B8E22AD35F45009DAF27 /* Managers */ = {
			isa = PBXGroup;
			children = (
				1730D5302A9D3E500097B497 /* HealthKitManager.swift */,
				17F0B8E32AD3603B009DAF27 /* AccelerometerManager.swift */,
				17192F562AD4DDFA008609F4 /* UserDefaultsManager.swift */,
				17A41E382AF9440100856361 /* CoreDataManager.swift */,
			);
			path = Managers;
			sourceTree = "<group>";
		};
		17F0B8E72AD362C8009DAF27 /* Constants */ = {
			isa = PBXGroup;
			children = (
				17F0B8E52AD362C4009DAF27 /* FileNames.swift */,
				17192F4F2AD4A9A7008609F4 /* CSVHeaders.swift */,
			);
			path = Constants;
			sourceTree = "<group>";
		};
/* End PBXGroup section */

/* Begin PBXNativeTarget section */
		1730D51D2A9D3DAE0097B497 /* HealthKit_POC */ = {
			isa = PBXNativeTarget;
			buildConfigurationList = 1730D52C2A9D3DB00097B497 /* Build configuration list for PBXNativeTarget "HealthKit_POC" */;
			buildPhases = (
				1764398B2B2B962F00320611 /* Run Script */,
				1730D51A2A9D3DAE0097B497 /* Sources */,
				1730D51B2A9D3DAE0097B497 /* Frameworks */,
				1730D51C2A9D3DAE0097B497 /* Resources */,
			);
			buildRules = (
			);
			dependencies = (
			);
			name = HealthKit_POC;
			packageProductDependencies = (
				17E8EEC32B26642B000229A3 /* FSCalendar */,
			);
			productName = HealthKit_POC;
			productReference = 1730D51E2A9D3DAE0097B497 /* HealthKit_POC.app */;
			productType = "com.apple.product-type.application";
		};
/* End PBXNativeTarget section */

/* Begin PBXProject section */
		1730D5162A9D3DAE0097B497 /* Project object */ = {
			isa = PBXProject;
			attributes = {
				BuildIndependentTargetsInParallel = 1;
				LastSwiftUpdateCheck = 1430;
				LastUpgradeCheck = 1510;
				TargetAttributes = {
					1730D51D2A9D3DAE0097B497 = {
						CreatedOnToolsVersion = 14.3.1;
					};
				};
			};
			buildConfigurationList = 1730D5192A9D3DAE0097B497 /* Build configuration list for PBXProject "HealthKit_POC" */;
			compatibilityVersion = "Xcode 14.0";
			developmentRegion = en;
			hasScannedForEncodings = 0;
			knownRegions = (
				en,
				Base,
			);
			mainGroup = 1730D5152A9D3DAE0097B497;
			packageReferences = (
				17E8EEC22B26642A000229A3 /* XCRemoteSwiftPackageReference "FSCalendar" */,
			);
			productRefGroup = 1730D51F2A9D3DAE0097B497 /* Products */;
			projectDirPath = "";
			projectRoot = "";
			targets = (
				1730D51D2A9D3DAE0097B497 /* HealthKit_POC */,
			);
		};
/* End PBXProject section */

/* Begin PBXResourcesBuildPhase section */
		1730D51C2A9D3DAE0097B497 /* Resources */ = {
			isa = PBXResourcesBuildPhase;
			buildActionMask = 2147483647;
			files = (
				1730D5292A9D3DB00097B497 /* Preview Assets.xcassets in Resources */,
				1730D5262A9D3DB00097B497 /* Assets.xcassets in Resources */,
				1764398D2B2B969F00320611 /* unused.rb in Resources */,
			);
			runOnlyForDeploymentPostprocessing = 0;
		};
/* End PBXResourcesBuildPhase section */

/* Begin PBXShellScriptBuildPhase section */
		1764398B2B2B962F00320611 /* Run Script */ = {
			isa = PBXShellScriptBuildPhase;
			buildActionMask = 2147483647;
			files = (
			);
			inputFileListPaths = (
			);
			inputPaths = (
			);
			name = "Run Script";
			outputFileListPaths = (
			);
			outputPaths = (
			);
			runOnlyForDeploymentPostprocessing = 0;
			shellPath = /bin/sh;
			shellScript = "file=\"unused.rb\"\nif [ -f \"$file\" ]\nthen\necho \"$file found.\"\nruby unused.rb xcode\nelse\necho \"unused.rb doesn't exist\"\nfi\n";
		};
/* End PBXShellScriptBuildPhase section */

/* Begin PBXSourcesBuildPhase section */
		1730D51A2A9D3DAE0097B497 /* Sources */ = {
			isa = PBXSourcesBuildPhase;
			buildActionMask = 2147483647;
			files = (
				17C78D3B2B1E4AF500D6FF69 /* AddFavoriteItemView.swift in Sources */,
				17E6986C2B2A504200A4B546 /* EventRow.swift in Sources */,
				17F0B8E62AD362C4009DAF27 /* FileNames.swift in Sources */,
				1779617B2AA7131D00F82A2D /* Date+Extension.swift in Sources */,
				17AFE84D2AF1A7BB004FA720 /* DiaryView.swift in Sources */,
				1700C3162AF991A700B8E8DE /* Array+Extension.swift in Sources */,
				174EA9B82B22551300FEC4C8 /* CalendarView.swift in Sources */,
				1700C31A2AF99D8900B8E8DE /* DiaryEntry+Extension.swift in Sources */,
				1700C3132AF983BE00B8E8DE /* DiaryViewModel.swift in Sources */,
				1730D5242A9D3DAE0097B497 /* HomeView.swift in Sources */,
				1730D5222A9D3DAE0097B497 /* HealthierMe.swift in Sources */,
				17192F502AD4A9A7008609F4 /* CSVHeaders.swift in Sources */,
				17192F592AD4DFCB008609F4 /* CSVFile.swift in Sources */,
				17C78D3F2B1E4BB200D6FF69 /* SelectedImagesView.swift in Sources */,
				17192F572AD4DDFB008609F4 /* UserDefaultsManager.swift in Sources */,
				1730D5312A9D3E500097B497 /* HealthKitManager.swift in Sources */,
				1773E5992AA55C4400F4FED7 /* RootView.swift in Sources */,
				1700C3202AF9E84200B8E8DE /* HomeViewModel.swift in Sources */,
				17F0B8E42AD3603B009DAF27 /* AccelerometerManager.swift in Sources */,
				17A41E392AF9440100856361 /* CoreDataManager.swift in Sources */,
				17C78D3D2B1E4B2000D6FF69 /* FavoritesViewModel.swift in Sources */,
				17C78D522B1E854000D6FF69 /* DataModel.xcdatamodeld in Sources */,
				17C78D452B1E7ED200D6FF69 /* AllFavoritesView.swift in Sources */,
				17AFE84B2AF19AC5004FA720 /* UserDetailView.swift in Sources */,
				17E6986F2B2A59A700A4B546 /* CalendarViewRepresentable.swift in Sources */,
			);
			runOnlyForDeploymentPostprocessing = 0;
		};
/* End PBXSourcesBuildPhase section */

/* Begin XCBuildConfiguration section */
		1730D52A2A9D3DB00097B497 /* Debug */ = {
			isa = XCBuildConfiguration;
			buildSettings = {
				ALWAYS_SEARCH_USER_PATHS = NO;
				CLANG_ANALYZER_NONNULL = YES;
				CLANG_ANALYZER_NUMBER_OBJECT_CONVERSION = YES_AGGRESSIVE;
				CLANG_CXX_LANGUAGE_STANDARD = "gnu++20";
				CLANG_ENABLE_MODULES = YES;
				CLANG_ENABLE_OBJC_ARC = YES;
				CLANG_ENABLE_OBJC_WEAK = YES;
				CLANG_WARN_BLOCK_CAPTURE_AUTORELEASING = YES;
				CLANG_WARN_BOOL_CONVERSION = YES;
				CLANG_WARN_COMMA = YES;
				CLANG_WARN_CONSTANT_CONVERSION = YES;
				CLANG_WARN_DEPRECATED_OBJC_IMPLEMENTATIONS = YES;
				CLANG_WARN_DIRECT_OBJC_ISA_USAGE = YES_ERROR;
				CLANG_WARN_DOCUMENTATION_COMMENTS = YES;
				CLANG_WARN_EMPTY_BODY = YES;
				CLANG_WARN_ENUM_CONVERSION = YES;
				CLANG_WARN_INFINITE_RECURSION = YES;
				CLANG_WARN_INT_CONVERSION = YES;
				CLANG_WARN_NON_LITERAL_NULL_CONVERSION = YES;
				CLANG_WARN_OBJC_IMPLICIT_RETAIN_SELF = YES;
				CLANG_WARN_OBJC_LITERAL_CONVERSION = YES;
				CLANG_WARN_OBJC_ROOT_CLASS = YES_ERROR;
				CLANG_WARN_QUOTED_INCLUDE_IN_FRAMEWORK_HEADER = YES;
				CLANG_WARN_RANGE_LOOP_ANALYSIS = YES;
				CLANG_WARN_STRICT_PROTOTYPES = YES;
				CLANG_WARN_SUSPICIOUS_MOVE = YES;
				CLANG_WARN_UNGUARDED_AVAILABILITY = YES_AGGRESSIVE;
				CLANG_WARN_UNREACHABLE_CODE = YES;
				CLANG_WARN__DUPLICATE_METHOD_MATCH = YES;
				COPY_PHASE_STRIP = NO;
				DEBUG_INFORMATION_FORMAT = dwarf;
				ENABLE_STRICT_OBJC_MSGSEND = YES;
				ENABLE_TESTABILITY = YES;
				ENABLE_USER_SCRIPT_SANDBOXING = YES;
				GCC_C_LANGUAGE_STANDARD = gnu11;
				GCC_DYNAMIC_NO_PIC = NO;
				GCC_NO_COMMON_BLOCKS = YES;
				GCC_OPTIMIZATION_LEVEL = 0;
				GCC_PREPROCESSOR_DEFINITIONS = (
					"DEBUG=1",
					"$(inherited)",
				);
				GCC_WARN_64_TO_32_BIT_CONVERSION = YES;
				GCC_WARN_ABOUT_RETURN_TYPE = YES_ERROR;
				GCC_WARN_UNDECLARED_SELECTOR = YES;
				GCC_WARN_UNINITIALIZED_AUTOS = YES_AGGRESSIVE;
				GCC_WARN_UNUSED_FUNCTION = YES;
				GCC_WARN_UNUSED_VARIABLE = YES;
				IPHONEOS_DEPLOYMENT_TARGET = 16.4;
				MTL_ENABLE_DEBUG_INFO = INCLUDE_SOURCE;
				MTL_FAST_MATH = YES;
				ONLY_ACTIVE_ARCH = YES;
				SDKROOT = iphoneos;
				SWIFT_ACTIVE_COMPILATION_CONDITIONS = DEBUG;
				SWIFT_OPTIMIZATION_LEVEL = "-Onone";
			};
			name = Debug;
		};
		1730D52B2A9D3DB00097B497 /* Release */ = {
			isa = XCBuildConfiguration;
			buildSettings = {
				ALWAYS_SEARCH_USER_PATHS = NO;
				CLANG_ANALYZER_NONNULL = YES;
				CLANG_ANALYZER_NUMBER_OBJECT_CONVERSION = YES_AGGRESSIVE;
				CLANG_CXX_LANGUAGE_STANDARD = "gnu++20";
				CLANG_ENABLE_MODULES = YES;
				CLANG_ENABLE_OBJC_ARC = YES;
				CLANG_ENABLE_OBJC_WEAK = YES;
				CLANG_WARN_BLOCK_CAPTURE_AUTORELEASING = YES;
				CLANG_WARN_BOOL_CONVERSION = YES;
				CLANG_WARN_COMMA = YES;
				CLANG_WARN_CONSTANT_CONVERSION = YES;
				CLANG_WARN_DEPRECATED_OBJC_IMPLEMENTATIONS = YES;
				CLANG_WARN_DIRECT_OBJC_ISA_USAGE = YES_ERROR;
				CLANG_WARN_DOCUMENTATION_COMMENTS = YES;
				CLANG_WARN_EMPTY_BODY = YES;
				CLANG_WARN_ENUM_CONVERSION = YES;
				CLANG_WARN_INFINITE_RECURSION = YES;
				CLANG_WARN_INT_CONVERSION = YES;
				CLANG_WARN_NON_LITERAL_NULL_CONVERSION = YES;
				CLANG_WARN_OBJC_IMPLICIT_RETAIN_SELF = YES;
				CLANG_WARN_OBJC_LITERAL_CONVERSION = YES;
				CLANG_WARN_OBJC_ROOT_CLASS = YES_ERROR;
				CLANG_WARN_QUOTED_INCLUDE_IN_FRAMEWORK_HEADER = YES;
				CLANG_WARN_RANGE_LOOP_ANALYSIS = YES;
				CLANG_WARN_STRICT_PROTOTYPES = YES;
				CLANG_WARN_SUSPICIOUS_MOVE = YES;
				CLANG_WARN_UNGUARDED_AVAILABILITY = YES_AGGRESSIVE;
				CLANG_WARN_UNREACHABLE_CODE = YES;
				CLANG_WARN__DUPLICATE_METHOD_MATCH = YES;
				COPY_PHASE_STRIP = NO;
				DEBUG_INFORMATION_FORMAT = "dwarf-with-dsym";
				ENABLE_NS_ASSERTIONS = NO;
				ENABLE_STRICT_OBJC_MSGSEND = YES;
				ENABLE_USER_SCRIPT_SANDBOXING = YES;
				GCC_C_LANGUAGE_STANDARD = gnu11;
				GCC_NO_COMMON_BLOCKS = YES;
				GCC_WARN_64_TO_32_BIT_CONVERSION = YES;
				GCC_WARN_ABOUT_RETURN_TYPE = YES_ERROR;
				GCC_WARN_UNDECLARED_SELECTOR = YES;
				GCC_WARN_UNINITIALIZED_AUTOS = YES_AGGRESSIVE;
				GCC_WARN_UNUSED_FUNCTION = YES;
				GCC_WARN_UNUSED_VARIABLE = YES;
				IPHONEOS_DEPLOYMENT_TARGET = 16.4;
				MTL_ENABLE_DEBUG_INFO = NO;
				MTL_FAST_MATH = YES;
				SDKROOT = iphoneos;
				SWIFT_COMPILATION_MODE = wholemodule;
				SWIFT_OPTIMIZATION_LEVEL = "-O";
				VALIDATE_PRODUCT = YES;
			};
			name = Release;
		};
		1730D52D2A9D3DB00097B497 /* Debug */ = {
			isa = XCBuildConfiguration;
			buildSettings = {
				ASSETCATALOG_COMPILER_APPICON_NAME = AppIcon;
				ASSETCATALOG_COMPILER_GLOBAL_ACCENT_COLOR_NAME = AccentColor;
				CODE_SIGN_ENTITLEMENTS = HealthKit_POC/HealthKit_POC.entitlements;
				CODE_SIGN_STYLE = Automatic;
				CURRENT_PROJECT_VERSION = 1;
				DEVELOPMENT_ASSET_PATHS = "\"HealthKit_POC/Preview Content\"";
				DEVELOPMENT_TEAM = 6NQBNW2Z7X;
				ENABLE_PREVIEWS = YES;
				ENABLE_USER_SCRIPT_SANDBOXING = NO;
				GENERATE_INFOPLIST_FILE = YES;
				INFOPLIST_FILE = "HealthKit-POC-Info.plist";
				INFOPLIST_KEY_NSDocumentsFolderUsageDescription = "want to use for testing purposes";
				INFOPLIST_KEY_NSHealthShareUsageDescription = "This app requires access to health data for research project purpose";
				INFOPLIST_KEY_NSHealthUpdateUsageDescription = "This app requires access to health data for research project purpose";
				INFOPLIST_KEY_NSPhotoLibraryUsageDescription = "Need for food images";
				INFOPLIST_KEY_UIApplicationSceneManifest_Generation = YES;
				INFOPLIST_KEY_UIApplicationSupportsIndirectInputEvents = YES;
				INFOPLIST_KEY_UILaunchScreen_Generation = YES;
				INFOPLIST_KEY_UISupportedInterfaceOrientations_iPad = "UIInterfaceOrientationPortrait UIInterfaceOrientationPortraitUpsideDown UIInterfaceOrientationLandscapeLeft UIInterfaceOrientationLandscapeRight";
				INFOPLIST_KEY_UISupportedInterfaceOrientations_iPhone = "UIInterfaceOrientationPortrait UIInterfaceOrientationLandscapeLeft UIInterfaceOrientationLandscapeRight";
				LD_RUNPATH_SEARCH_PATHS = (
					"$(inherited)",
					"@executable_path/Frameworks",
				);
				MARKETING_VERSION = 1.0;
				PRODUCT_BUNDLE_IDENTIFIER = "gsnsg.github.io.HealthKit-POC";
				PRODUCT_NAME = "$(TARGET_NAME)";
				SWIFT_EMIT_LOC_STRINGS = YES;
				SWIFT_VERSION = 5.0;
				TARGETED_DEVICE_FAMILY = "1,2";
			};
			name = Debug;
		};
		1730D52E2A9D3DB00097B497 /* Release */ = {
			isa = XCBuildConfiguration;
			buildSettings = {
				ASSETCATALOG_COMPILER_APPICON_NAME = AppIcon;
				ASSETCATALOG_COMPILER_GLOBAL_ACCENT_COLOR_NAME = AccentColor;
				CODE_SIGN_ENTITLEMENTS = HealthKit_POC/HealthKit_POC.entitlements;
				CODE_SIGN_STYLE = Automatic;
				CURRENT_PROJECT_VERSION = 1;
				DEVELOPMENT_ASSET_PATHS = "\"HealthKit_POC/Preview Content\"";
				DEVELOPMENT_TEAM = 6NQBNW2Z7X;
				ENABLE_PREVIEWS = YES;
				ENABLE_USER_SCRIPT_SANDBOXING = NO;
				GENERATE_INFOPLIST_FILE = YES;
				INFOPLIST_FILE = "HealthKit-POC-Info.plist";
				INFOPLIST_KEY_NSDocumentsFolderUsageDescription = "want to use for testing purposes";
				INFOPLIST_KEY_NSHealthShareUsageDescription = "This app requires access to health data for research project purpose";
				INFOPLIST_KEY_NSHealthUpdateUsageDescription = "This app requires access to health data for research project purpose";
				INFOPLIST_KEY_NSPhotoLibraryUsageDescription = "Need for food images";
				INFOPLIST_KEY_UIApplicationSceneManifest_Generation = YES;
				INFOPLIST_KEY_UIApplicationSupportsIndirectInputEvents = YES;
				INFOPLIST_KEY_UILaunchScreen_Generation = YES;
				INFOPLIST_KEY_UISupportedInterfaceOrientations_iPad = "UIInterfaceOrientationPortrait UIInterfaceOrientationPortraitUpsideDown UIInterfaceOrientationLandscapeLeft UIInterfaceOrientationLandscapeRight";
				INFOPLIST_KEY_UISupportedInterfaceOrientations_iPhone = "UIInterfaceOrientationPortrait UIInterfaceOrientationLandscapeLeft UIInterfaceOrientationLandscapeRight";
				LD_RUNPATH_SEARCH_PATHS = (
					"$(inherited)",
					"@executable_path/Frameworks",
				);
				MARKETING_VERSION = 1.0;
				PRODUCT_BUNDLE_IDENTIFIER = "gsnsg.github.io.HealthKit-POC";
				PRODUCT_NAME = "$(TARGET_NAME)";
				SWIFT_EMIT_LOC_STRINGS = YES;
				SWIFT_VERSION = 5.0;
				TARGETED_DEVICE_FAMILY = "1,2";
			};
			name = Release;
		};
/* End XCBuildConfiguration section */

/* Begin XCConfigurationList section */
		1730D5192A9D3DAE0097B497 /* Build configuration list for PBXProject "HealthKit_POC" */ = {
			isa = XCConfigurationList;
			buildConfigurations = (
				1730D52A2A9D3DB00097B497 /* Debug */,
				1730D52B2A9D3DB00097B497 /* Release */,
			);
			defaultConfigurationIsVisible = 0;
			defaultConfigurationName = Release;
		};
		1730D52C2A9D3DB00097B497 /* Build configuration list for PBXNativeTarget "HealthKit_POC" */ = {
			isa = XCConfigurationList;
			buildConfigurations = (
				1730D52D2A9D3DB00097B497 /* Debug */,
				1730D52E2A9D3DB00097B497 /* Release */,
			);
			defaultConfigurationIsVisible = 0;
			defaultConfigurationName = Release;
		};
/* End XCConfigurationList section */

/* Begin XCRemoteSwiftPackageReference section */
		17E8EEC22B26642A000229A3 /* XCRemoteSwiftPackageReference "FSCalendar" */ = {
			isa = XCRemoteSwiftPackageReference;
			repositoryURL = "https://github.com/WenchaoD/FSCalendar.git";
			requirement = {
				kind = upToNextMajorVersion;
				minimumVersion = 2.8.4;
			};
		};
/* End XCRemoteSwiftPackageReference section */

/* Begin XCSwiftPackageProductDependency section */
		17E8EEC32B26642B000229A3 /* FSCalendar */ = {
			isa = XCSwiftPackageProductDependency;
			package = 17E8EEC22B26642A000229A3 /* XCRemoteSwiftPackageReference "FSCalendar" */;
			productName = FSCalendar;
		};
/* End XCSwiftPackageProductDependency section */

/* Begin XCVersionGroup section */
		17C78D502B1E854000D6FF69 /* DataModel.xcdatamodeld */ = {
			isa = XCVersionGroup;
			children = (
				17C78D512B1E854000D6FF69 /* DataModel.xcdatamodel */,
			);
			currentVersion = 17C78D512B1E854000D6FF69 /* DataModel.xcdatamodel */;
			name = DataModel.xcdatamodeld;
			path = ../DataModel.xcdatamodeld;
			sourceTree = "<group>";
			versionGroupType = wrapper.xcdatamodel;
		};
/* End XCVersionGroup section */
	};
	rootObject = 1730D5162A9D3DAE0097B497 /* Project object */;
}
